
Microsoft Visual Studio Solution File, Format Version 12.00
Project("{2150E333-8FDC-42A3-9474-1A3956D46DE8}") = "src", "src", "{66D794E0-9F89-43D3-9F8C-02AF1F7F3DC3}"
EndProject
Project("{2150E333-8FDC-42A3-9474-1A3956D46DE8}") = "Building Blocks", "Building Blocks", "{C4B882EE-631A-4CE9-B6BD-3C83346316D9}"
EndProject
Project("{2150E333-8FDC-42A3-9474-1A3956D46DE8}") = "Services", "Services", "{B4E471B7-3623-4BD2-98BA-7CBCC34E1E46}"
EndProject
Project("{2150E333-8FDC-42A3-9474-1A3956D46DE8}") = "Web", "Web", "{3A14DA04-E6A4-4615-A3AD-D5119072A437}"
EndProject
Project("{2150E333-8FDC-42A3-9474-1A3956D46DE8}") = "Core", "Core", "{E251DD98-82A5-4704-B7FD-A8BF399FFC67}"
EndProject
Project("{2150E333-8FDC-42A3-9474-1A3956D46DE8}") = "Identidade", "Identidade", "{5520EAE9-30D2-4677-81CC-67A76DE7C922}"
EndProject
Project("{FAE04EC0-301F-11D3-BF4B-00C04F79EFBC}") = "DevIO.NSE.Identidade.API", "src\services\DevIO.NSE.Identidade.API\DevIO.NSE.Identidade.API.csproj", "{B211E13C-0B81-4246-8FE9-32C32AD8749F}"
EndProject
Global
	GlobalSection(SolutionConfigurationPlatforms) = preSolution
		Debug|Any CPU = Debug|Any CPU
		Release|Any CPU = Release|Any CPU
	EndGlobalSection
	GlobalSection(NestedProjects) = preSolution
		{C4B882EE-631A-4CE9-B6BD-3C83346316D9} = {66D794E0-9F89-43D3-9F8C-02AF1F7F3DC3}
		{B4E471B7-3623-4BD2-98BA-7CBCC34E1E46} = {66D794E0-9F89-43D3-9F8C-02AF1F7F3DC3}
		{3A14DA04-E6A4-4615-A3AD-D5119072A437} = {66D794E0-9F89-43D3-9F8C-02AF1F7F3DC3}
		{E251DD98-82A5-4704-B7FD-A8BF399FFC67} = {C4B882EE-631A-4CE9-B6BD-3C83346316D9}
		{5520EAE9-30D2-4677-81CC-67A76DE7C922} = {B4E471B7-3623-4BD2-98BA-7CBCC34E1E46}
		{B211E13C-0B81-4246-8FE9-32C32AD8749F} = {5520EAE9-30D2-4677-81CC-67A76DE7C922}
	EndGlobalSection
	GlobalSection(ProjectConfigurationPlatforms) = postSolution
		{B211E13C-0B81-4246-8FE9-32C32AD8749F}.Debug|Any CPU.ActiveCfg = Debug|Any CPU
		{B211E13C-0B81-4246-8FE9-32C32AD8749F}.Debug|Any CPU.Build.0 = Debug|Any CPU
		{B211E13C-0B81-4246-8FE9-32C32AD8749F}.Release|Any CPU.ActiveCfg = Release|Any CPU
		{B211E13C-0B81-4246-8FE9-32C32AD8749F}.Release|Any CPU.Build.0 = Release|Any CPU
	EndGlobalSection
EndGlobal
